// !$*UTF8*$!
{
	archiveVersion = 1;
	classes = {
	};
	objectVersion = 46;
	objects = {

/* Begin PBXBuildFile section */
		8B1935F015471C16005580DA /* UIKit.framework in Frameworks */ = {isa = PBXBuildFile; fileRef = 8B1935EF15471C16005580DA /* UIKit.framework */; };
		8B1935F215471C16005580DA /* Foundation.framework in Frameworks */ = {isa = PBXBuildFile; fileRef = 8B1935F115471C16005580DA /* Foundation.framework */; };
		8B1935F415471C16005580DA /* CoreGraphics.framework in Frameworks */ = {isa = PBXBuildFile; fileRef = 8B1935F315471C16005580DA /* CoreGraphics.framework */; };
		8B1935FA15471C16005580DA /* InfoPlist.strings in Resources */ = {isa = PBXBuildFile; fileRef = 8B1935F815471C16005580DA /* InfoPlist.strings */; };
		8B1935FC15471C16005580DA /* main.m in Sources */ = {isa = PBXBuildFile; fileRef = 8B1935FB15471C16005580DA /* main.m */; };
		8B19360015471C16005580DA /* SolitaireAppDelegate.m in Sources */ = {isa = PBXBuildFile; fileRef = 8B1935FF15471C16005580DA /* SolitaireAppDelegate.m */; };
		8B19360315471C16005580DA /* SolitaireViewController.m in Sources */ = {isa = PBXBuildFile; fileRef = 8B19360215471C16005580DA /* SolitaireViewController.m */; };
		8B19360615471C16005580DA /* SolitaireViewController.xib in Resources */ = {isa = PBXBuildFile; fileRef = 8B19360415471C16005580DA /* SolitaireViewController.xib */; };
		8B19360E15471C32005580DA /* Card.m in Sources */ = {isa = PBXBuildFile; fileRef = 8B19360D15471C32005580DA /* Card.m */; };
		8B19361915471ED0005580DA /* Solitaire.m in Sources */ = {isa = PBXBuildFile; fileRef = 8B19361815471ED0005580DA /* Solitaire.m */; };
		8B19361C1547209A005580DA /* README.md in Resources */ = {isa = PBXBuildFile; fileRef = 8B19361B1547209A005580DA /* README.md */; };
		8BB3B9A815486E8F00C6196C /* back-blue-150-1.png in Resources */ = {isa = PBXBuildFile; fileRef = 8BB3B96915486E8F00C6196C /* back-blue-150-1.png */; };
		8BB3B9A915486E8F00C6196C /* back-blue-150-2.png in Resources */ = {isa = PBXBuildFile; fileRef = 8BB3B96A15486E8F00C6196C /* back-blue-150-2.png */; };
		8BB3B9AA15486E8F00C6196C /* back-blue-150-3.png in Resources */ = {isa = PBXBuildFile; fileRef = 8BB3B96B15486E8F00C6196C /* back-blue-150-3.png */; };
		8BB3B9AB15486E8F00C6196C /* back-blue-150-4.png in Resources */ = {isa = PBXBuildFile; fileRef = 8BB3B96C15486E8F00C6196C /* back-blue-150-4.png */; };
		8BB3B9AC15486E8F00C6196C /* back-red-150-1.png in Resources */ = {isa = PBXBuildFile; fileRef = 8BB3B96D15486E8F00C6196C /* back-red-150-1.png */; };
		8BB3B9AD15486E8F00C6196C /* back-red-150-2.png in Resources */ = {isa = PBXBuildFile; fileRef = 8BB3B96E15486E8F00C6196C /* back-red-150-2.png */; };
		8BB3B9AE15486E8F00C6196C /* back-red-150-3.png in Resources */ = {isa = PBXBuildFile; fileRef = 8BB3B96F15486E8F00C6196C /* back-red-150-3.png */; };
		8BB3B9AF15486E8F00C6196C /* back-red-150-4.png in Resources */ = {isa = PBXBuildFile; fileRef = 8BB3B97015486E8F00C6196C /* back-red-150-4.png */; };
		8BB3B9B015486E8F00C6196C /* clubs-10-150.png in Resources */ = {isa = PBXBuildFile; fileRef = 8BB3B97115486E8F00C6196C /* clubs-10-150.png */; };
		8BB3B9B115486E8F00C6196C /* clubs-2-150.png in Resources */ = {isa = PBXBuildFile; fileRef = 8BB3B97215486E8F00C6196C /* clubs-2-150.png */; };
		8BB3B9B215486E8F00C6196C /* clubs-3-150.png in Resources */ = {isa = PBXBuildFile; fileRef = 8BB3B97315486E8F00C6196C /* clubs-3-150.png */; };
		8BB3B9B315486E8F00C6196C /* clubs-4-150.png in Resources */ = {isa = PBXBuildFile; fileRef = 8BB3B97415486E8F00C6196C /* clubs-4-150.png */; };
		8BB3B9B415486E8F00C6196C /* clubs-5-150.png in Resources */ = {isa = PBXBuildFile; fileRef = 8BB3B97515486E8F00C6196C /* clubs-5-150.png */; };
		8BB3B9B515486E8F00C6196C /* clubs-6-150.png in Resources */ = {isa = PBXBuildFile; fileRef = 8BB3B97615486E8F00C6196C /* clubs-6-150.png */; };
		8BB3B9B615486E8F00C6196C /* clubs-7-150.png in Resources */ = {isa = PBXBuildFile; fileRef = 8BB3B97715486E8F00C6196C /* clubs-7-150.png */; };
		8BB3B9B715486E8F00C6196C /* clubs-8-150.png in Resources */ = {isa = PBXBuildFile; fileRef = 8BB3B97815486E8F00C6196C /* clubs-8-150.png */; };
		8BB3B9B815486E8F00C6196C /* clubs-9-150.png in Resources */ = {isa = PBXBuildFile; fileRef = 8BB3B97915486E8F00C6196C /* clubs-9-150.png */; };
		8BB3B9B915486E8F00C6196C /* clubs-a-150.png in Resources */ = {isa = PBXBuildFile; fileRef = 8BB3B97A15486E8F00C6196C /* clubs-a-150.png */; };
		8BB3B9BA15486E8F00C6196C /* clubs-j-150.png in Resources */ = {isa = PBXBuildFile; fileRef = 8BB3B97B15486E8F00C6196C /* clubs-j-150.png */; };
		8BB3B9BB15486E8F00C6196C /* clubs-k-150.png in Resources */ = {isa = PBXBuildFile; fileRef = 8BB3B97C15486E8F00C6196C /* clubs-k-150.png */; };
		8BB3B9BC15486E8F00C6196C /* clubs-q-150.png in Resources */ = {isa = PBXBuildFile; fileRef = 8BB3B97D15486E8F00C6196C /* clubs-q-150.png */; };
		8BB3B9BD15486E8F00C6196C /* diamonds-10-150.png in Resources */ = {isa = PBXBuildFile; fileRef = 8BB3B97E15486E8F00C6196C /* diamonds-10-150.png */; };
		8BB3B9BE15486E8F00C6196C /* diamonds-2-150.png in Resources */ = {isa = PBXBuildFile; fileRef = 8BB3B97F15486E8F00C6196C /* diamonds-2-150.png */; };
		8BB3B9BF15486E8F00C6196C /* diamonds-3-150.png in Resources */ = {isa = PBXBuildFile; fileRef = 8BB3B98015486E8F00C6196C /* diamonds-3-150.png */; };
		8BB3B9C015486E8F00C6196C /* diamonds-4-150.png in Resources */ = {isa = PBXBuildFile; fileRef = 8BB3B98115486E8F00C6196C /* diamonds-4-150.png */; };
		8BB3B9C115486E8F00C6196C /* diamonds-5-150.png in Resources */ = {isa = PBXBuildFile; fileRef = 8BB3B98215486E8F00C6196C /* diamonds-5-150.png */; };
		8BB3B9C215486E8F00C6196C /* diamonds-6-150.png in Resources */ = {isa = PBXBuildFile; fileRef = 8BB3B98315486E8F00C6196C /* diamonds-6-150.png */; };
		8BB3B9C315486E8F00C6196C /* diamonds-7-150.png in Resources */ = {isa = PBXBuildFile; fileRef = 8BB3B98415486E8F00C6196C /* diamonds-7-150.png */; };
		8BB3B9C415486E8F00C6196C /* diamonds-8-150.png in Resources */ = {isa = PBXBuildFile; fileRef = 8BB3B98515486E8F00C6196C /* diamonds-8-150.png */; };
		8BB3B9C515486E8F00C6196C /* diamonds-9-150.png in Resources */ = {isa = PBXBuildFile; fileRef = 8BB3B98615486E8F00C6196C /* diamonds-9-150.png */; };
		8BB3B9C615486E8F00C6196C /* diamonds-a-150.png in Resources */ = {isa = PBXBuildFile; fileRef = 8BB3B98715486E8F00C6196C /* diamonds-a-150.png */; };
		8BB3B9C715486E8F00C6196C /* diamonds-j-150.png in Resources */ = {isa = PBXBuildFile; fileRef = 8BB3B98815486E8F00C6196C /* diamonds-j-150.png */; };
		8BB3B9C815486E8F00C6196C /* diamonds-k-150.png in Resources */ = {isa = PBXBuildFile; fileRef = 8BB3B98915486E8F00C6196C /* diamonds-k-150.png */; };
		8BB3B9C915486E8F00C6196C /* diamonds-q-150.png in Resources */ = {isa = PBXBuildFile; fileRef = 8BB3B98A15486E8F00C6196C /* diamonds-q-150.png */; };
		8BB3B9CA15486E8F00C6196C /* hearts-10-150.png in Resources */ = {isa = PBXBuildFile; fileRef = 8BB3B98B15486E8F00C6196C /* hearts-10-150.png */; };
		8BB3B9CB15486E8F00C6196C /* hearts-2-150.png in Resources */ = {isa = PBXBuildFile; fileRef = 8BB3B98C15486E8F00C6196C /* hearts-2-150.png */; };
		8BB3B9CC15486E8F00C6196C /* hearts-3-150.png in Resources */ = {isa = PBXBuildFile; fileRef = 8BB3B98D15486E8F00C6196C /* hearts-3-150.png */; };
		8BB3B9CD15486E8F00C6196C /* hearts-4-150.png in Resources */ = {isa = PBXBuildFile; fileRef = 8BB3B98E15486E8F00C6196C /* hearts-4-150.png */; };
		8BB3B9CE15486E8F00C6196C /* hearts-5-150.png in Resources */ = {isa = PBXBuildFile; fileRef = 8BB3B98F15486E8F00C6196C /* hearts-5-150.png */; };
		8BB3B9CF15486E8F00C6196C /* hearts-6-150.png in Resources */ = {isa = PBXBuildFile; fileRef = 8BB3B99015486E8F00C6196C /* hearts-6-150.png */; };
		8BB3B9D015486E8F00C6196C /* hearts-7-150.png in Resources */ = {isa = PBXBuildFile; fileRef = 8BB3B99115486E8F00C6196C /* hearts-7-150.png */; };
		8BB3B9D115486E8F00C6196C /* hearts-8-150.png in Resources */ = {isa = PBXBuildFile; fileRef = 8BB3B99215486E8F00C6196C /* hearts-8-150.png */; };
		8BB3B9D215486E8F00C6196C /* hearts-9-150.png in Resources */ = {isa = PBXBuildFile; fileRef = 8BB3B99315486E8F00C6196C /* hearts-9-150.png */; };
		8BB3B9D315486E8F00C6196C /* hearts-a-150.png in Resources */ = {isa = PBXBuildFile; fileRef = 8BB3B99415486E8F00C6196C /* hearts-a-150.png */; };
		8BB3B9D415486E8F00C6196C /* hearts-j-150.png in Resources */ = {isa = PBXBuildFile; fileRef = 8BB3B99515486E8F00C6196C /* hearts-j-150.png */; };
		8BB3B9D515486E8F00C6196C /* hearts-k-150.png in Resources */ = {isa = PBXBuildFile; fileRef = 8BB3B99615486E8F00C6196C /* hearts-k-150.png */; };
		8BB3B9D615486E8F00C6196C /* hearts-q-150.png in Resources */ = {isa = PBXBuildFile; fileRef = 8BB3B99715486E8F00C6196C /* hearts-q-150.png */; };
		8BB3B9D715486E8F00C6196C /* joker-b-150.png in Resources */ = {isa = PBXBuildFile; fileRef = 8BB3B99815486E8F00C6196C /* joker-b-150.png */; };
		8BB3B9D815486E8F00C6196C /* joker-r-150.png in Resources */ = {isa = PBXBuildFile; fileRef = 8BB3B99915486E8F00C6196C /* joker-r-150.png */; };
		8BB3B9D915486E8F00C6196C /* spades-10-150.png in Resources */ = {isa = PBXBuildFile; fileRef = 8BB3B99A15486E8F00C6196C /* spades-10-150.png */; };
		8BB3B9DA15486E8F00C6196C /* spades-2-150.png in Resources */ = {isa = PBXBuildFile; fileRef = 8BB3B99B15486E8F00C6196C /* spades-2-150.png */; };
		8BB3B9DB15486E8F00C6196C /* spades-3-150.png in Resources */ = {isa = PBXBuildFile; fileRef = 8BB3B99C15486E8F00C6196C /* spades-3-150.png */; };
		8BB3B9DC15486E8F00C6196C /* spades-4-150.png in Resources */ = {isa = PBXBuildFile; fileRef = 8BB3B99D15486E8F00C6196C /* spades-4-150.png */; };
		8BB3B9DD15486E8F00C6196C /* spades-5-150.png in Resources */ = {isa = PBXBuildFile; fileRef = 8BB3B99E15486E8F00C6196C /* spades-5-150.png */; };
		8BB3B9DE15486E8F00C6196C /* spades-6-150.png in Resources */ = {isa = PBXBuildFile; fileRef = 8BB3B99F15486E8F00C6196C /* spades-6-150.png */; };
		8BB3B9DF15486E8F00C6196C /* spades-7-150.png in Resources */ = {isa = PBXBuildFile; fileRef = 8BB3B9A015486E8F00C6196C /* spades-7-150.png */; };
		8BB3B9E015486E8F00C6196C /* spades-8-150.png in Resources */ = {isa = PBXBuildFile; fileRef = 8BB3B9A115486E8F00C6196C /* spades-8-150.png */; };
		8BB3B9E115486E8F00C6196C /* spades-9-150.png in Resources */ = {isa = PBXBuildFile; fileRef = 8BB3B9A215486E8F00C6196C /* spades-9-150.png */; };
		8BB3B9E215486E8F00C6196C /* spades-a-150.png in Resources */ = {isa = PBXBuildFile; fileRef = 8BB3B9A315486E8F00C6196C /* spades-a-150.png */; };
		8BB3B9E315486E8F00C6196C /* spades-j-150.png in Resources */ = {isa = PBXBuildFile; fileRef = 8BB3B9A415486E8F00C6196C /* spades-j-150.png */; };
		8BB3B9E415486E8F00C6196C /* spades-k-150.png in Resources */ = {isa = PBXBuildFile; fileRef = 8BB3B9A515486E8F00C6196C /* spades-k-150.png */; };
		8BB3B9E515486E8F00C6196C /* spades-q-150.png in Resources */ = {isa = PBXBuildFile; fileRef = 8BB3B9A615486E8F00C6196C /* spades-q-150.png */; };
		8BB3B9E915486EB900C6196C /* CardView.m in Sources */ = {isa = PBXBuildFile; fileRef = 8BB3B9E815486EB900C6196C /* CardView.m */; };
		8BB3B9F41548862600C6196C /* SolitaireView.m in Sources */ = {isa = PBXBuildFile; fileRef = 8BB3B9F31548862600C6196C /* SolitaireView.m */; };
		8BDB03C91549FB3A00341FC2 /* empty.png in Resources */ = {isa = PBXBuildFile; fileRef = 8BDB03C81549FB3A00341FC2 /* empty.png */; };
/* End PBXBuildFile section */

/* Begin PBXFileReference section */
		8B1935EB15471C16005580DA /* Solitaire.app */ = {isa = PBXFileReference; explicitFileType = wrapper.application; includeInIndex = 0; path = Solitaire.app; sourceTree = BUILT_PRODUCTS_DIR; };
		8B1935EF15471C16005580DA /* UIKit.framework */ = {isa = PBXFileReference; lastKnownFileType = wrapper.framework; name = UIKit.framework; path = System/Library/Frameworks/UIKit.framework; sourceTree = SDKROOT; };
		8B1935F115471C16005580DA /* Foundation.framework */ = {isa = PBXFileReference; lastKnownFileType = wrapper.framework; name = Foundation.framework; path = System/Library/Frameworks/Foundation.framework; sourceTree = SDKROOT; };
		8B1935F315471C16005580DA /* CoreGraphics.framework */ = {isa = PBXFileReference; lastKnownFileType = wrapper.framework; name = CoreGraphics.framework; path = System/Library/Frameworks/CoreGraphics.framework; sourceTree = SDKROOT; };
		8B1935F715471C16005580DA /* Solitaire-Info.plist */ = {isa = PBXFileReference; lastKnownFileType = text.plist.xml; path = "Solitaire-Info.plist"; sourceTree = "<group>"; };
		8B1935F915471C16005580DA /* en */ = {isa = PBXFileReference; lastKnownFileType = text.plist.strings; name = en; path = en.lproj/InfoPlist.strings; sourceTree = "<group>"; };
		8B1935FB15471C16005580DA /* main.m */ = {isa = PBXFileReference; lastKnownFileType = sourcecode.c.objc; path = main.m; sourceTree = "<group>"; };
		8B1935FD15471C16005580DA /* Solitaire-Prefix.pch */ = {isa = PBXFileReference; lastKnownFileType = sourcecode.c.h; path = "Solitaire-Prefix.pch"; sourceTree = "<group>"; };
		8B1935FE15471C16005580DA /* SolitaireAppDelegate.h */ = {isa = PBXFileReference; lastKnownFileType = sourcecode.c.h; path = SolitaireAppDelegate.h; sourceTree = "<group>"; };
		8B1935FF15471C16005580DA /* SolitaireAppDelegate.m */ = {isa = PBXFileReference; lastKnownFileType = sourcecode.c.objc; path = SolitaireAppDelegate.m; sourceTree = "<group>"; };
		8B19360115471C16005580DA /* SolitaireViewController.h */ = {isa = PBXFileReference; lastKnownFileType = sourcecode.c.h; path = SolitaireViewController.h; sourceTree = "<group>"; };
		8B19360215471C16005580DA /* SolitaireViewController.m */ = {isa = PBXFileReference; lastKnownFileType = sourcecode.c.objc; path = SolitaireViewController.m; sourceTree = "<group>"; };
		8B19360515471C16005580DA /* en */ = {isa = PBXFileReference; lastKnownFileType = file.xib; name = en; path = en.lproj/SolitaireViewController.xib; sourceTree = "<group>"; };
		8B19360C15471C32005580DA /* Card.h */ = {isa = PBXFileReference; fileEncoding = 4; lastKnownFileType = sourcecode.c.h; path = Card.h; sourceTree = "<group>"; };
		8B19360D15471C32005580DA /* Card.m */ = {isa = PBXFileReference; fileEncoding = 4; lastKnownFileType = sourcecode.c.objc; path = Card.m; sourceTree = "<group>"; };
		8B19361715471ED0005580DA /* Solitaire.h */ = {isa = PBXFileReference; fileEncoding = 4; lastKnownFileType = sourcecode.c.h; path = Solitaire.h; sourceTree = "<group>"; };
		8B19361815471ED0005580DA /* Solitaire.m */ = {isa = PBXFileReference; fileEncoding = 4; lastKnownFileType = sourcecode.c.objc; path = Solitaire.m; sourceTree = "<group>"; };
		8B19361B1547209A005580DA /* README.md */ = {isa = PBXFileReference; fileEncoding = 4; lastKnownFileType = text; path = README.md; sourceTree = "<group>"; };
		8BB3B96915486E8F00C6196C /* back-blue-150-1.png */ = {isa = PBXFileReference; lastKnownFileType = image.png; path = "back-blue-150-1.png"; sourceTree = "<group>"; };
		8BB3B96A15486E8F00C6196C /* back-blue-150-2.png */ = {isa = PBXFileReference; lastKnownFileType = image.png; path = "back-blue-150-2.png"; sourceTree = "<group>"; };
		8BB3B96B15486E8F00C6196C /* back-blue-150-3.png */ = {isa = PBXFileReference; lastKnownFileType = image.png; path = "back-blue-150-3.png"; sourceTree = "<group>"; };
		8BB3B96C15486E8F00C6196C /* back-blue-150-4.png */ = {isa = PBXFileReference; lastKnownFileType = image.png; path = "back-blue-150-4.png"; sourceTree = "<group>"; };
		8BB3B96D15486E8F00C6196C /* back-red-150-1.png */ = {isa = PBXFileReference; lastKnownFileType = image.png; path = "back-red-150-1.png"; sourceTree = "<group>"; };
		8BB3B96E15486E8F00C6196C /* back-red-150-2.png */ = {isa = PBXFileReference; lastKnownFileType = image.png; path = "back-red-150-2.png"; sourceTree = "<group>"; };
		8BB3B96F15486E8F00C6196C /* back-red-150-3.png */ = {isa = PBXFileReference; lastKnownFileType = image.png; path = "back-red-150-3.png"; sourceTree = "<group>"; };
		8BB3B97015486E8F00C6196C /* back-red-150-4.png */ = {isa = PBXFileReference; lastKnownFileType = image.png; path = "back-red-150-4.png"; sourceTree = "<group>"; };
		8BB3B97115486E8F00C6196C /* clubs-10-150.png */ = {isa = PBXFileReference; lastKnownFileType = image.png; path = "clubs-10-150.png"; sourceTree = "<group>"; };
		8BB3B97215486E8F00C6196C /* clubs-2-150.png */ = {isa = PBXFileReference; lastKnownFileType = image.png; path = "clubs-2-150.png"; sourceTree = "<group>"; };
		8BB3B97315486E8F00C6196C /* clubs-3-150.png */ = {isa = PBXFileReference; lastKnownFileType = image.png; path = "clubs-3-150.png"; sourceTree = "<group>"; };
		8BB3B97415486E8F00C6196C /* clubs-4-150.png */ = {isa = PBXFileReference; lastKnownFileType = image.png; path = "clubs-4-150.png"; sourceTree = "<group>"; };
		8BB3B97515486E8F00C6196C /* clubs-5-150.png */ = {isa = PBXFileReference; lastKnownFileType = image.png; path = "clubs-5-150.png"; sourceTree = "<group>"; };
		8BB3B97615486E8F00C6196C /* clubs-6-150.png */ = {isa = PBXFileReference; lastKnownFileType = image.png; path = "clubs-6-150.png"; sourceTree = "<group>"; };
		8BB3B97715486E8F00C6196C /* clubs-7-150.png */ = {isa = PBXFileReference; lastKnownFileType = image.png; path = "clubs-7-150.png"; sourceTree = "<group>"; };
		8BB3B97815486E8F00C6196C /* clubs-8-150.png */ = {isa = PBXFileReference; lastKnownFileType = image.png; path = "clubs-8-150.png"; sourceTree = "<group>"; };
		8BB3B97915486E8F00C6196C /* clubs-9-150.png */ = {isa = PBXFileReference; lastKnownFileType = image.png; path = "clubs-9-150.png"; sourceTree = "<group>"; };
		8BB3B97A15486E8F00C6196C /* clubs-a-150.png */ = {isa = PBXFileReference; lastKnownFileType = image.png; path = "clubs-a-150.png"; sourceTree = "<group>"; };
		8BB3B97B15486E8F00C6196C /* clubs-j-150.png */ = {isa = PBXFileReference; lastKnownFileType = image.png; path = "clubs-j-150.png"; sourceTree = "<group>"; };
		8BB3B97C15486E8F00C6196C /* clubs-k-150.png */ = {isa = PBXFileReference; lastKnownFileType = image.png; path = "clubs-k-150.png"; sourceTree = "<group>"; };
		8BB3B97D15486E8F00C6196C /* clubs-q-150.png */ = {isa = PBXFileReference; lastKnownFileType = image.png; path = "clubs-q-150.png"; sourceTree = "<group>"; };
		8BB3B97E15486E8F00C6196C /* diamonds-10-150.png */ = {isa = PBXFileReference; lastKnownFileType = image.png; path = "diamonds-10-150.png"; sourceTree = "<group>"; };
		8BB3B97F15486E8F00C6196C /* diamonds-2-150.png */ = {isa = PBXFileReference; lastKnownFileType = image.png; path = "diamonds-2-150.png"; sourceTree = "<group>"; };
		8BB3B98015486E8F00C6196C /* diamonds-3-150.png */ = {isa = PBXFileReference; lastKnownFileType = image.png; path = "diamonds-3-150.png"; sourceTree = "<group>"; };
		8BB3B98115486E8F00C6196C /* diamonds-4-150.png */ = {isa = PBXFileReference; lastKnownFileType = image.png; path = "diamonds-4-150.png"; sourceTree = "<group>"; };
		8BB3B98215486E8F00C6196C /* diamonds-5-150.png */ = {isa = PBXFileReference; lastKnownFileType = image.png; path = "diamonds-5-150.png"; sourceTree = "<group>"; };
		8BB3B98315486E8F00C6196C /* diamonds-6-150.png */ = {isa = PBXFileReference; lastKnownFileType = image.png; path = "diamonds-6-150.png"; sourceTree = "<group>"; };
		8BB3B98415486E8F00C6196C /* diamonds-7-150.png */ = {isa = PBXFileReference; lastKnownFileType = image.png; path = "diamonds-7-150.png"; sourceTree = "<group>"; };
		8BB3B98515486E8F00C6196C /* diamonds-8-150.png */ = {isa = PBXFileReference; lastKnownFileType = image.png; path = "diamonds-8-150.png"; sourceTree = "<group>"; };
		8BB3B98615486E8F00C6196C /* diamonds-9-150.png */ = {isa = PBXFileReference; lastKnownFileType = image.png; path = "diamonds-9-150.png"; sourceTree = "<group>"; };
		8BB3B98715486E8F00C6196C /* diamonds-a-150.png */ = {isa = PBXFileReference; lastKnownFileType = image.png; path = "diamonds-a-150.png"; sourceTree = "<group>"; };
		8BB3B98815486E8F00C6196C /* diamonds-j-150.png */ = {isa = PBXFileReference; lastKnownFileType = image.png; path = "diamonds-j-150.png"; sourceTree = "<group>"; };
		8BB3B98915486E8F00C6196C /* diamonds-k-150.png */ = {isa = PBXFileReference; lastKnownFileType = image.png; path = "diamonds-k-150.png"; sourceTree = "<group>"; };
		8BB3B98A15486E8F00C6196C /* diamonds-q-150.png */ = {isa = PBXFileReference; lastKnownFileType = image.png; path = "diamonds-q-150.png"; sourceTree = "<group>"; };
		8BB3B98B15486E8F00C6196C /* hearts-10-150.png */ = {isa = PBXFileReference; lastKnownFileType = image.png; path = "hearts-10-150.png"; sourceTree = "<group>"; };
		8BB3B98C15486E8F00C6196C /* hearts-2-150.png */ = {isa = PBXFileReference; lastKnownFileType = image.png; path = "hearts-2-150.png"; sourceTree = "<group>"; };
		8BB3B98D15486E8F00C6196C /* hearts-3-150.png */ = {isa = PBXFileReference; lastKnownFileType = image.png; path = "hearts-3-150.png"; sourceTree = "<group>"; };
		8BB3B98E15486E8F00C6196C /* hearts-4-150.png */ = {isa = PBXFileReference; lastKnownFileType = image.png; path = "hearts-4-150.png"; sourceTree = "<group>"; };
		8BB3B98F15486E8F00C6196C /* hearts-5-150.png */ = {isa = PBXFileReference; lastKnownFileType = image.png; path = "hearts-5-150.png"; sourceTree = "<group>"; };
		8BB3B99015486E8F00C6196C /* hearts-6-150.png */ = {isa = PBXFileReference; lastKnownFileType = image.png; path = "hearts-6-150.png"; sourceTree = "<group>"; };
		8BB3B99115486E8F00C6196C /* hearts-7-150.png */ = {isa = PBXFileReference; lastKnownFileType = image.png; path = "hearts-7-150.png"; sourceTree = "<group>"; };
		8BB3B99215486E8F00C6196C /* hearts-8-150.png */ = {isa = PBXFileReference; lastKnownFileType = image.png; path = "hearts-8-150.png"; sourceTree = "<group>"; };
		8BB3B99315486E8F00C6196C /* hearts-9-150.png */ = {isa = PBXFileReference; lastKnownFileType = image.png; path = "hearts-9-150.png"; sourceTree = "<group>"; };
		8BB3B99415486E8F00C6196C /* hearts-a-150.png */ = {isa = PBXFileReference; lastKnownFileType = image.png; path = "hearts-a-150.png"; sourceTree = "<group>"; };
		8BB3B99515486E8F00C6196C /* hearts-j-150.png */ = {isa = PBXFileReference; lastKnownFileType = image.png; path = "hearts-j-150.png"; sourceTree = "<group>"; };
		8BB3B99615486E8F00C6196C /* hearts-k-150.png */ = {isa = PBXFileReference; lastKnownFileType = image.png; path = "hearts-k-150.png"; sourceTree = "<group>"; };
		8BB3B99715486E8F00C6196C /* hearts-q-150.png */ = {isa = PBXFileReference; lastKnownFileType = image.png; path = "hearts-q-150.png"; sourceTree = "<group>"; };
		8BB3B99815486E8F00C6196C /* joker-b-150.png */ = {isa = PBXFileReference; lastKnownFileType = image.png; path = "joker-b-150.png"; sourceTree = "<group>"; };
		8BB3B99915486E8F00C6196C /* joker-r-150.png */ = {isa = PBXFileReference; lastKnownFileType = image.png; path = "joker-r-150.png"; sourceTree = "<group>"; };
		8BB3B99A15486E8F00C6196C /* spades-10-150.png */ = {isa = PBXFileReference; lastKnownFileType = image.png; path = "spades-10-150.png"; sourceTree = "<group>"; };
		8BB3B99B15486E8F00C6196C /* spades-2-150.png */ = {isa = PBXFileReference; lastKnownFileType = image.png; path = "spades-2-150.png"; sourceTree = "<group>"; };
		8BB3B99C15486E8F00C6196C /* spades-3-150.png */ = {isa = PBXFileReference; lastKnownFileType = image.png; path = "spades-3-150.png"; sourceTree = "<group>"; };
		8BB3B99D15486E8F00C6196C /* spades-4-150.png */ = {isa = PBXFileReference; lastKnownFileType = image.png; path = "spades-4-150.png"; sourceTree = "<group>"; };
		8BB3B99E15486E8F00C6196C /* spades-5-150.png */ = {isa = PBXFileReference; lastKnownFileType = image.png; path = "spades-5-150.png"; sourceTree = "<group>"; };
		8BB3B99F15486E8F00C6196C /* spades-6-150.png */ = {isa = PBXFileReference; lastKnownFileType = image.png; path = "spades-6-150.png"; sourceTree = "<group>"; };
		8BB3B9A015486E8F00C6196C /* spades-7-150.png */ = {isa = PBXFileReference; lastKnownFileType = image.png; path = "spades-7-150.png"; sourceTree = "<group>"; };
		8BB3B9A115486E8F00C6196C /* spades-8-150.png */ = {isa = PBXFileReference; lastKnownFileType = image.png; path = "spades-8-150.png"; sourceTree = "<group>"; };
		8BB3B9A215486E8F00C6196C /* spades-9-150.png */ = {isa = PBXFileReference; lastKnownFileType = image.png; path = "spades-9-150.png"; sourceTree = "<group>"; };
		8BB3B9A315486E8F00C6196C /* spades-a-150.png */ = {isa = PBXFileReference; lastKnownFileType = image.png; path = "spades-a-150.png"; sourceTree = "<group>"; };
		8BB3B9A415486E8F00C6196C /* spades-j-150.png */ = {isa = PBXFileReference; lastKnownFileType = image.png; path = "spades-j-150.png"; sourceTree = "<group>"; };
		8BB3B9A515486E8F00C6196C /* spades-k-150.png */ = {isa = PBXFileReference; lastKnownFileType = image.png; path = "spades-k-150.png"; sourceTree = "<group>"; };
		8BB3B9A615486E8F00C6196C /* spades-q-150.png */ = {isa = PBXFileReference; lastKnownFileType = image.png; path = "spades-q-150.png"; sourceTree = "<group>"; };
		8BB3B9E715486EB900C6196C /* CardView.h */ = {isa = PBXFileReference; fileEncoding = 4; lastKnownFileType = sourcecode.c.h; path = CardView.h; sourceTree = "<group>"; };
		8BB3B9E815486EB900C6196C /* CardView.m */ = {isa = PBXFileReference; fileEncoding = 4; lastKnownFileType = sourcecode.c.objc; path = CardView.m; sourceTree = "<group>"; };
		8BB3B9F21548862600C6196C /* SolitaireView.h */ = {isa = PBXFileReference; fileEncoding = 4; lastKnownFileType = sourcecode.c.h; path = SolitaireView.h; sourceTree = "<group>"; };
		8BB3B9F31548862600C6196C /* SolitaireView.m */ = {isa = PBXFileReference; fileEncoding = 4; lastKnownFileType = sourcecode.c.objc; path = SolitaireView.m; sourceTree = "<group>"; };
		8BB3B9F515489A9500C6196C /* SolitaireDelegate.h */ = {isa = PBXFileReference; lastKnownFileType = sourcecode.c.h; path = SolitaireDelegate.h; sourceTree = "<group>"; };
		8BDB03C81549FB3A00341FC2 /* empty.png */ = {isa = PBXFileReference; lastKnownFileType = image.png; path = empty.png; sourceTree = "<group>"; };
/* End PBXFileReference section */

/* Begin PBXFrameworksBuildPhase section */
		8B1935E815471C16005580DA /* Frameworks */ = {
			isa = PBXFrameworksBuildPhase;
			buildActionMask = 2147483647;
			files = (
				8B1935F015471C16005580DA /* UIKit.framework in Frameworks */,
				8B1935F215471C16005580DA /* Foundation.framework in Frameworks */,
				8B1935F415471C16005580DA /* CoreGraphics.framework in Frameworks */,
			);
			runOnlyForDeploymentPostprocessing = 0;
		};
/* End PBXFrameworksBuildPhase section */

/* Begin PBXGroup section */
		8B1935E015471C16005580DA = {
			isa = PBXGroup;
			children = (
				8B19361B1547209A005580DA /* README.md */,
				8B1935F515471C16005580DA /* Solitaire */,
				8B1935EE15471C16005580DA /* Frameworks */,
				8B1935EC15471C16005580DA /* Products */,
			);
			sourceTree = "<group>";
		};
		8B1935EC15471C16005580DA /* Products */ = {
			isa = PBXGroup;
			children = (
				8B1935EB15471C16005580DA /* Solitaire.app */,
			);
			name = Products;
			sourceTree = "<group>";
		};
		8B1935EE15471C16005580DA /* Frameworks */ = {
			isa = PBXGroup;
			children = (
				8B1935EF15471C16005580DA /* UIKit.framework */,
				8B1935F115471C16005580DA /* Foundation.framework */,
				8B1935F315471C16005580DA /* CoreGraphics.framework */,
			);
			name = Frameworks;
			sourceTree = "<group>";
		};
		8B1935F515471C16005580DA /* Solitaire */ = {
			isa = PBXGroup;
			children = (
				8B1935FE15471C16005580DA /* SolitaireAppDelegate.h */,
				8B1935FF15471C16005580DA /* SolitaireAppDelegate.m */,
				8B19360115471C16005580DA /* SolitaireViewController.h */,
				8B19360215471C16005580DA /* SolitaireViewController.m */,
				8BB3B9F515489A9500C6196C /* SolitaireDelegate.h */,
				8B19360415471C16005580DA /* SolitaireViewController.xib */,
				8BB3B9F21548862600C6196C /* SolitaireView.h */,
				8BB3B9F31548862600C6196C /* SolitaireView.m */,
				8B19360C15471C32005580DA /* Card.h */,
				8B19360D15471C32005580DA /* Card.m */,
				8BB3B9E715486EB900C6196C /* CardView.h */,
				8BB3B9E815486EB900C6196C /* CardView.m */,
				8B19361715471ED0005580DA /* Solitaire.h */,
				8B19361815471ED0005580DA /* Solitaire.m */,
				8B1935F615471C16005580DA /* Supporting Files */,
			);
			path = Solitaire;
			sourceTree = "<group>";
		};
		8B1935F615471C16005580DA /* Supporting Files */ = {
			isa = PBXGroup;
			children = (
				8BB3B96615486E8F00C6196C /* resources */,
				8B1935F715471C16005580DA /* Solitaire-Info.plist */,
				8B1935F815471C16005580DA /* InfoPlist.strings */,
				8B1935FB15471C16005580DA /* main.m */,
				8B1935FD15471C16005580DA /* Solitaire-Prefix.pch */,
			);
			name = "Supporting Files";
			sourceTree = "<group>";
		};
		8BB3B96615486E8F00C6196C /* resources */ = {
			isa = PBXGroup;
			children = (
				8BB3B96815486E8F00C6196C /* cards */,
			);
			name = resources;
			path = ../resources;
			sourceTree = "<group>";
		};
		8BB3B96815486E8F00C6196C /* cards */ = {
			isa = PBXGroup;
			children = (
				8BDB03C81549FB3A00341FC2 /* empty.png */,
				8BB3B96915486E8F00C6196C /* back-blue-150-1.png */,
				8BB3B96A15486E8F00C6196C /* back-blue-150-2.png */,
				8BB3B96B15486E8F00C6196C /* back-blue-150-3.png */,
				8BB3B96C15486E8F00C6196C /* back-blue-150-4.png */,
				8BB3B96D15486E8F00C6196C /* back-red-150-1.png */,
				8BB3B96E15486E8F00C6196C /* back-red-150-2.png */,
				8BB3B96F15486E8F00C6196C /* back-red-150-3.png */,
				8BB3B97015486E8F00C6196C /* back-red-150-4.png */,
				8BB3B97115486E8F00C6196C /* clubs-10-150.png */,
				8BB3B97215486E8F00C6196C /* clubs-2-150.png */,
				8BB3B97315486E8F00C6196C /* clubs-3-150.png */,
				8BB3B97415486E8F00C6196C /* clubs-4-150.png */,
				8BB3B97515486E8F00C6196C /* clubs-5-150.png */,
				8BB3B97615486E8F00C6196C /* clubs-6-150.png */,
				8BB3B97715486E8F00C6196C /* clubs-7-150.png */,
				8BB3B97815486E8F00C6196C /* clubs-8-150.png */,
				8BB3B97915486E8F00C6196C /* clubs-9-150.png */,
				8BB3B97A15486E8F00C6196C /* clubs-a-150.png */,
				8BB3B97B15486E8F00C6196C /* clubs-j-150.png */,
				8BB3B97C15486E8F00C6196C /* clubs-k-150.png */,
				8BB3B97D15486E8F00C6196C /* clubs-q-150.png */,
				8BB3B97E15486E8F00C6196C /* diamonds-10-150.png */,
				8BB3B97F15486E8F00C6196C /* diamonds-2-150.png */,
				8BB3B98015486E8F00C6196C /* diamonds-3-150.png */,
				8BB3B98115486E8F00C6196C /* diamonds-4-150.png */,
				8BB3B98215486E8F00C6196C /* diamonds-5-150.png */,
				8BB3B98315486E8F00C6196C /* diamonds-6-150.png */,
				8BB3B98415486E8F00C6196C /* diamonds-7-150.png */,
				8BB3B98515486E8F00C6196C /* diamonds-8-150.png */,
				8BB3B98615486E8F00C6196C /* diamonds-9-150.png */,
				8BB3B98715486E8F00C6196C /* diamonds-a-150.png */,
				8BB3B98815486E8F00C6196C /* diamonds-j-150.png */,
				8BB3B98915486E8F00C6196C /* diamonds-k-150.png */,
				8BB3B98A15486E8F00C6196C /* diamonds-q-150.png */,
				8BB3B98B15486E8F00C6196C /* hearts-10-150.png */,
				8BB3B98C15486E8F00C6196C /* hearts-2-150.png */,
				8BB3B98D15486E8F00C6196C /* hearts-3-150.png */,
				8BB3B98E15486E8F00C6196C /* hearts-4-150.png */,
				8BB3B98F15486E8F00C6196C /* hearts-5-150.png */,
				8BB3B99015486E8F00C6196C /* hearts-6-150.png */,
				8BB3B99115486E8F00C6196C /* hearts-7-150.png */,
				8BB3B99215486E8F00C6196C /* hearts-8-150.png */,
				8BB3B99315486E8F00C6196C /* hearts-9-150.png */,
				8BB3B99415486E8F00C6196C /* hearts-a-150.png */,
				8BB3B99515486E8F00C6196C /* hearts-j-150.png */,
				8BB3B99615486E8F00C6196C /* hearts-k-150.png */,
				8BB3B99715486E8F00C6196C /* hearts-q-150.png */,
				8BB3B99815486E8F00C6196C /* joker-b-150.png */,
				8BB3B99915486E8F00C6196C /* joker-r-150.png */,
				8BB3B99A15486E8F00C6196C /* spades-10-150.png */,
				8BB3B99B15486E8F00C6196C /* spades-2-150.png */,
				8BB3B99C15486E8F00C6196C /* spades-3-150.png */,
				8BB3B99D15486E8F00C6196C /* spades-4-150.png */,
				8BB3B99E15486E8F00C6196C /* spades-5-150.png */,
				8BB3B99F15486E8F00C6196C /* spades-6-150.png */,
				8BB3B9A015486E8F00C6196C /* spades-7-150.png */,
				8BB3B9A115486E8F00C6196C /* spades-8-150.png */,
				8BB3B9A215486E8F00C6196C /* spades-9-150.png */,
				8BB3B9A315486E8F00C6196C /* spades-a-150.png */,
				8BB3B9A415486E8F00C6196C /* spades-j-150.png */,
				8BB3B9A515486E8F00C6196C /* spades-k-150.png */,
				8BB3B9A615486E8F00C6196C /* spades-q-150.png */,
			);
			path = cards;
			sourceTree = "<group>";
		};
/* End PBXGroup section */

/* Begin PBXNativeTarget section */
		8B1935EA15471C16005580DA /* Solitaire */ = {
			isa = PBXNativeTarget;
			buildConfigurationList = 8B19360915471C16005580DA /* Build configuration list for PBXNativeTarget "Solitaire" */;
			buildPhases = (
				8B1935E715471C16005580DA /* Sources */,
				8B1935E815471C16005580DA /* Frameworks */,
				8B1935E915471C16005580DA /* Resources */,
			);
			buildRules = (
			);
			dependencies = (
			);
			name = Solitaire;
			productName = Solitaire;
			productReference = 8B1935EB15471C16005580DA /* Solitaire.app */;
			productType = "com.apple.product-type.application";
		};
/* End PBXNativeTarget section */

/* Begin PBXProject section */
		8B1935E215471C16005580DA /* Project object */ = {
			isa = PBXProject;
			attributes = {
				CLASSPREFIX = Solitaire;
				LastUpgradeCheck = 0430;
				ORGANIZATIONNAME = "Travis Hall";
			};
			buildConfigurationList = 8B1935E515471C16005580DA /* Build configuration list for PBXProject "Solitaire" */;
			compatibilityVersion = "Xcode 3.2";
			developmentRegion = English;
			hasScannedForEncodings = 0;
			knownRegions = (
				en,
			);
			mainGroup = 8B1935E015471C16005580DA;
			productRefGroup = 8B1935EC15471C16005580DA /* Products */;
			projectDirPath = "";
			projectRoot = "";
			targets = (
				8B1935EA15471C16005580DA /* Solitaire */,
			);
		};
/* End PBXProject section */

/* Begin PBXResourcesBuildPhase section */
		8B1935E915471C16005580DA /* Resources */ = {
			isa = PBXResourcesBuildPhase;
			buildActionMask = 2147483647;
			files = (
				8B1935FA15471C16005580DA /* InfoPlist.strings in Resources */,
				8B19360615471C16005580DA /* SolitaireViewController.xib in Resources */,
				8B19361C1547209A005580DA /* README.md in Resources */,
				8BB3B9A815486E8F00C6196C /* back-blue-150-1.png in Resources */,
				8BB3B9A915486E8F00C6196C /* back-blue-150-2.png in Resources */,
				8BB3B9AA15486E8F00C6196C /* back-blue-150-3.png in Resources */,
				8BB3B9AB15486E8F00C6196C /* back-blue-150-4.png in Resources */,
				8BB3B9AC15486E8F00C6196C /* back-red-150-1.png in Resources */,
				8BB3B9AD15486E8F00C6196C /* back-red-150-2.png in Resources */,
				8BB3B9AE15486E8F00C6196C /* back-red-150-3.png in Resources */,
				8BB3B9AF15486E8F00C6196C /* back-red-150-4.png in Resources */,
				8BB3B9B015486E8F00C6196C /* clubs-10-150.png in Resources */,
				8BB3B9B115486E8F00C6196C /* clubs-2-150.png in Resources */,
				8BB3B9B215486E8F00C6196C /* clubs-3-150.png in Resources */,
				8BB3B9B315486E8F00C6196C /* clubs-4-150.png in Resources */,
				8BB3B9B415486E8F00C6196C /* clubs-5-150.png in Resources */,
				8BB3B9B515486E8F00C6196C /* clubs-6-150.png in Resources */,
				8BB3B9B615486E8F00C6196C /* clubs-7-150.png in Resources */,
				8BB3B9B715486E8F00C6196C /* clubs-8-150.png in Resources */,
				8BB3B9B815486E8F00C6196C /* clubs-9-150.png in Resources */,
				8BB3B9B915486E8F00C6196C /* clubs-a-150.png in Resources */,
				8BB3B9BA15486E8F00C6196C /* clubs-j-150.png in Resources */,
				8BB3B9BB15486E8F00C6196C /* clubs-k-150.png in Resources */,
				8BB3B9BC15486E8F00C6196C /* clubs-q-150.png in Resources */,
				8BB3B9BD15486E8F00C6196C /* diamonds-10-150.png in Resources */,
				8BB3B9BE15486E8F00C6196C /* diamonds-2-150.png in Resources */,
				8BB3B9BF15486E8F00C6196C /* diamonds-3-150.png in Resources */,
				8BB3B9C015486E8F00C6196C /* diamonds-4-150.png in Resources */,
				8BB3B9C115486E8F00C6196C /* diamonds-5-150.png in Resources */,
				8BB3B9C215486E8F00C6196C /* diamonds-6-150.png in Resources */,
				8BB3B9C315486E8F00C6196C /* diamonds-7-150.png in Resources */,
				8BB3B9C415486E8F00C6196C /* diamonds-8-150.png in Resources */,
				8BB3B9C515486E8F00C6196C /* diamonds-9-150.png in Resources */,
				8BB3B9C615486E8F00C6196C /* diamonds-a-150.png in Resources */,
				8BB3B9C715486E8F00C6196C /* diamonds-j-150.png in Resources */,
				8BB3B9C815486E8F00C6196C /* diamonds-k-150.png in Resources */,
				8BB3B9C915486E8F00C6196C /* diamonds-q-150.png in Resources */,
				8BB3B9CA15486E8F00C6196C /* hearts-10-150.png in Resources */,
				8BB3B9CB15486E8F00C6196C /* hearts-2-150.png in Resources */,
				8BB3B9CC15486E8F00C6196C /* hearts-3-150.png in Resources */,
				8BB3B9CD15486E8F00C6196C /* hearts-4-150.png in Resources */,
				8BB3B9CE15486E8F00C6196C /* hearts-5-150.png in Resources */,
				8BB3B9CF15486E8F00C6196C /* hearts-6-150.png in Resources */,
				8BB3B9D015486E8F00C6196C /* hearts-7-150.png in Resources */,
				8BB3B9D115486E8F00C6196C /* hearts-8-150.png in Resources */,
				8BB3B9D215486E8F00C6196C /* hearts-9-150.png in Resources */,
				8BB3B9D315486E8F00C6196C /* hearts-a-150.png in Resources */,
				8BB3B9D415486E8F00C6196C /* hearts-j-150.png in Resources */,
				8BB3B9D515486E8F00C6196C /* hearts-k-150.png in Resources */,
				8BB3B9D615486E8F00C6196C /* hearts-q-150.png in Resources */,
				8BB3B9D715486E8F00C6196C /* joker-b-150.png in Resources */,
				8BB3B9D815486E8F00C6196C /* joker-r-150.png in Resources */,
				8BB3B9D915486E8F00C6196C /* spades-10-150.png in Resources */,
				8BB3B9DA15486E8F00C6196C /* spades-2-150.png in Resources */,
				8BB3B9DB15486E8F00C6196C /* spades-3-150.png in Resources */,
				8BB3B9DC15486E8F00C6196C /* spades-4-150.png in Resources */,
				8BB3B9DD15486E8F00C6196C /* spades-5-150.png in Resources */,
				8BB3B9DE15486E8F00C6196C /* spades-6-150.png in Resources */,
				8BB3B9DF15486E8F00C6196C /* spades-7-150.png in Resources */,
				8BB3B9E015486E8F00C6196C /* spades-8-150.png in Resources */,
				8BB3B9E115486E8F00C6196C /* spades-9-150.png in Resources */,
				8BB3B9E215486E8F00C6196C /* spades-a-150.png in Resources */,
				8BB3B9E315486E8F00C6196C /* spades-j-150.png in Resources */,
				8BB3B9E415486E8F00C6196C /* spades-k-150.png in Resources */,
				8BB3B9E515486E8F00C6196C /* spades-q-150.png in Resources */,
				8BDB03C91549FB3A00341FC2 /* empty.png in Resources */,
			);
			runOnlyForDeploymentPostprocessing = 0;
		};
/* End PBXResourcesBuildPhase section */

/* Begin PBXSourcesBuildPhase section */
		8B1935E715471C16005580DA /* Sources */ = {
			isa = PBXSourcesBuildPhase;
			buildActionMask = 2147483647;
			files = (
				8B1935FC15471C16005580DA /* main.m in Sources */,
				8B19360015471C16005580DA /* SolitaireAppDelegate.m in Sources */,
				8B19360315471C16005580DA /* SolitaireViewController.m in Sources */,
				8B19360E15471C32005580DA /* Card.m in Sources */,
				8B19361915471ED0005580DA /* Solitaire.m in Sources */,
				8BB3B9E915486EB900C6196C /* CardView.m in Sources */,
				8BB3B9F41548862600C6196C /* SolitaireView.m in Sources */,
			);
			runOnlyForDeploymentPostprocessing = 0;
		};
/* End PBXSourcesBuildPhase section */

/* Begin PBXVariantGroup section */
		8B1935F815471C16005580DA /* InfoPlist.strings */ = {
			isa = PBXVariantGroup;
			children = (
				8B1935F915471C16005580DA /* en */,
			);
			name = InfoPlist.strings;
			sourceTree = "<group>";
		};
		8B19360415471C16005580DA /* SolitaireViewController.xib */ = {
			isa = PBXVariantGroup;
			children = (
				8B19360515471C16005580DA /* en */,
			);
			name = SolitaireViewController.xib;
			sourceTree = "<group>";
		};
/* End PBXVariantGroup section */

/* Begin XCBuildConfiguration section */
		8B19360715471C16005580DA /* Debug */ = {
			isa = XCBuildConfiguration;
			buildSettings = {
				ALWAYS_SEARCH_USER_PATHS = NO;
				ARCHS = "$(ARCHS_STANDARD_32_BIT)";
				CLANG_ENABLE_OBJC_ARC = YES;
				"CODE_SIGN_IDENTITY[sdk=iphoneos*]" = "iPhone Developer";
				COPY_PHASE_STRIP = NO;
				GCC_C_LANGUAGE_STANDARD = gnu99;
				GCC_DYNAMIC_NO_PIC = NO;
				GCC_OPTIMIZATION_LEVEL = 0;
				GCC_PREPROCESSOR_DEFINITIONS = (
					"DEBUG=1",
					"$(inherited)",
				);
				GCC_SYMBOLS_PRIVATE_EXTERN = NO;
				GCC_VERSION = com.apple.compilers.llvm.clang.1_0;
				GCC_WARN_ABOUT_RETURN_TYPE = YES;
				GCC_WARN_UNINITIALIZED_AUTOS = YES;
				GCC_WARN_UNUSED_VARIABLE = YES;
				IPHONEOS_DEPLOYMENT_TARGET = 5.1;
				SDKROOT = iphoneos;
				TARGETED_DEVICE_FAMILY = 2;
			};
			name = Debug;
		};
		8B19360815471C16005580DA /* Release */ = {
			isa = XCBuildConfiguration;
			buildSettings = {
				ALWAYS_SEARCH_USER_PATHS = NO;
				ARCHS = "$(ARCHS_STANDARD_32_BIT)";
				CLANG_ENABLE_OBJC_ARC = YES;
				"CODE_SIGN_IDENTITY[sdk=iphoneos*]" = "iPhone Developer";
				COPY_PHASE_STRIP = YES;
				GCC_C_LANGUAGE_STANDARD = gnu99;
				GCC_VERSION = com.apple.compilers.llvm.clang.1_0;
				GCC_WARN_ABOUT_RETURN_TYPE = YES;
				GCC_WARN_UNINITIALIZED_AUTOS = YES;
				GCC_WARN_UNUSED_VARIABLE = YES;
				IPHONEOS_DEPLOYMENT_TARGET = 5.1;
				OTHER_CFLAGS = "-DNS_BLOCK_ASSERTIONS=1";
				SDKROOT = iphoneos;
				TARGETED_DEVICE_FAMILY = 2;
				VALIDATE_PRODUCT = YES;
			};
			name = Release;
		};
		8B19360A15471C16005580DA /* Debug */ = {
			isa = XCBuildConfiguration;
			buildSettings = {
				GCC_PRECOMPILE_PREFIX_HEADER = YES;
				GCC_PREFIX_HEADER = "Solitaire/Solitaire-Prefix.pch";
				INFOPLIST_FILE = "Solitaire/Solitaire-Info.plist";
				PRODUCT_NAME = "$(TARGET_NAME)";
				WRAPPER_EXTENSION = app;
			};
			name = Debug;
		};
		8B19360B15471C16005580DA /* Release */ = {
			isa = XCBuildConfiguration;
			buildSettings = {
				GCC_PRECOMPILE_PREFIX_HEADER = YES;
				GCC_PREFIX_HEADER = "Solitaire/Solitaire-Prefix.pch";
				INFOPLIST_FILE = "Solitaire/Solitaire-Info.plist";
				PRODUCT_NAME = "$(TARGET_NAME)";
				WRAPPER_EXTENSION = app;
			};
			name = Release;
		};
/* End XCBuildConfiguration section */

/* Begin XCConfigurationList section */
		8B1935E515471C16005580DA /* Build configuration list for PBXProject "Solitaire" */ = {
			isa = XCConfigurationList;
			buildConfigurations = (
				8B19360715471C16005580DA /* Debug */,
				8B19360815471C16005580DA /* Release */,
			);
			defaultConfigurationIsVisible = 0;
			defaultConfigurationName = Release;
		};
		8B19360915471C16005580DA /* Build configuration list for PBXNativeTarget "Solitaire" */ = {
			isa = XCConfigurationList;
			buildConfigurations = (
				8B19360A15471C16005580DA /* Debug */,
				8B19360B15471C16005580DA /* Release */,
			);
			defaultConfigurationIsVisible = 0;
			defaultConfigurationName = Release;
		};
/* End XCConfigurationList section */
	};
	rootObject = 8B1935E215471C16005580DA /* Project object */;
}
